
Microsoft Visual Studio Solution File, Format Version 12.00
# Visual Studio Version 16
VisualStudioVersion = 16.0.30413.136
MinimumVisualStudioVersion = 10.0.40219.1
Project("{FAE04EC0-301F-11D3-BF4B-00C04F79EFBC}") = "Coursera", "Coursera.csproj", "{4700C992-C801-4119-AEE7-2A91B5C79BD9}"
EndProject
Project("{FAE04EC0-301F-11D3-BF4B-00C04F79EFBC}") = "CourseraTest", "..\CourseraTest\CourseraTest.csproj", "{5DAE9181-0AE0-44E8-97AC-5D4959591A44}"
EndProject
Global
	GlobalSection(SolutionConfigurationPlatforms) = preSolution
		Debug|Any CPU = Debug|Any CPU
		Release|Any CPU = Release|Any CPU
	EndGlobalSection
	GlobalSection(ProjectConfigurationPlatforms) = postSolution
		{4700C992-C801-4119-AEE7-2A91B5C79BD9}.Debug|Any CPU.ActiveCfg = Debug|Any CPU
		{4700C992-C801-4119-AEE7-2A91B5C79BD9}.Debug|Any CPU.Build.0 = Debug|Any CPU
		{4700C992-C801-4119-AEE7-2A91B5C79BD9}.Release|Any CPU.ActiveCfg = Release|Any CPU
		{4700C992-C801-4119-AEE7-2A91B5C79BD9}.Release|Any CPU.Build.0 = Release|Any CPU
		{5DAE9181-0AE0-44E8-97AC-5D4959591A44}.Debug|Any CPU.ActiveCfg = Debug|Any CPU
		{5DAE9181-0AE0-44E8-97AC-5D4959591A44}.Debug|Any CPU.Build.0 = Debug|Any CPU
		{5DAE9181-0AE0-44E8-97AC-5D4959591A44}.Release|Any CPU.ActiveCfg = Release|Any CPU
		{5DAE9181-0AE0-44E8-97AC-5D4959591A44}.Release|Any CPU.Build.0 = Release|Any CPU
	EndGlobalSection
	GlobalSection(SolutionProperties) = preSolution
		HideSolutionNode = FALSE
	EndGlobalSection
	GlobalSection(ExtensibilityGlobals) = postSolution
		SolutionGuid = {8F2F2F65-E1EC-41A0-AAB9-432F45360242}
	EndGlobalSection
EndGlobal
